{
  "name": "dt-pin-service",
  "version": "1.0.0",
  "lockfileVersion": 1,
  "requires": true,
  "dependencies": {
    "archy": {
      "version": "1.0.0",
      "resolved": "https://registry.npmjs.org/archy/-/archy-1.0.0.tgz",
      "integrity": "sha1-+cjBN1fMHde8N5rHeyxipcKGjEA="
    },
    "async": {
      "version": "2.0.1",
      "resolved": "https://registry.npmjs.org/async/-/async-2.0.1.tgz",
      "integrity": "sha1-twnMAoCpw28J9FNr6CPIOKkEniU=",
      "requires": {
        "lodash": "4.17.4"
      }
    },
    "backoff": {
      "version": "2.5.0",
      "resolved": "https://registry.npmjs.org/backoff/-/backoff-2.5.0.tgz",
      "integrity": "sha1-9hbtqdPktmuMp/ynn2lXIsX44m8=",
      "requires": {
        "precond": "0.2.3"
      }
    },
    "boom": {
      "version": "3.2.2",
      "resolved": "https://registry.npmjs.org/boom/-/boom-3.2.2.tgz",
      "integrity": "sha1-DwzF0ErcUAO4x9cfQsynJx/vDng=",
      "requires": {
        "hoek": "4.2.1"
      }
    },
    "core-util-is": {
      "version": "1.0.2",
      "resolved": "https://registry.npmjs.org/core-util-is/-/core-util-is-1.0.2.tgz",
      "integrity": "sha1-tf1UIgqivFq1eqtxQMlAdUUDwac="
    },
    "eraro": {
      "version": "0.4.1",
      "resolved": "https://registry.npmjs.org/eraro/-/eraro-0.4.1.tgz",
      "integrity": "sha1-ZThzB2mh6J/8Pwx+LJTVofhmYp0=",
      "requires": {
        "lodash": "2.4.2"
      },
      "dependencies": {
        "lodash": {
          "version": "2.4.2",
          "resolved": "https://registry.npmjs.org/lodash/-/lodash-2.4.2.tgz",
          "integrity": "sha1-+t2DS5aDBz2hebPq5tnA0VBT9z4="
        }
      }
    },
    "gate-executor": {
      "version": "1.1.1",
      "resolved": "https://registry.npmjs.org/gate-executor/-/gate-executor-1.1.1.tgz",
      "integrity": "sha1-Zn9ncoSg2+hrbEigtK/oxISBLK8="
    },
    "gex": {
      "version": "0.2.2",
      "resolved": "https://registry.npmjs.org/gex/-/gex-0.2.2.tgz",
      "integrity": "sha1-LUCdJDCVlwjaVc9WKUxk9tiXNIc=",
      "requires": {
        "lodash": "3.10.0"
      },
      "dependencies": {
        "lodash": {
          "version": "3.10.0",
          "resolved": "https://registry.npmjs.org/lodash/-/lodash-3.10.0.tgz",
          "integrity": "sha1-k9UcZygopEFqEq9XIguoqHN+L7s="
        }
      }
    },
    "hoek": {
      "version": "4.2.1",
      "resolved": "https://registry.npmjs.org/hoek/-/hoek-4.2.1.tgz",
      "integrity": "sha512-QLg82fGkfnJ/4iy1xZ81/9SIJiq1NGFUMGs6ParyjBZr6jW2Ufj/snDqTHixNlHdPNwN2RLVD0Pi3igeK9+JfA=="
    },
    "inherits": {
      "version": "2.0.3",
      "resolved": "https://registry.npmjs.org/inherits/-/inherits-2.0.3.tgz",
      "integrity": "sha1-Yzwsg+PaQqUC9SRmAiSA9CCCYd4="
    },
    "isarray": {
      "version": "0.0.1",
      "resolved": "https://registry.npmjs.org/isarray/-/isarray-0.0.1.tgz",
      "integrity": "sha1-ihis/Kmo9Bd+Cav8YDiTmwXR7t8="
    },
    "isemail": {
      "version": "2.2.1",
      "resolved": "https://registry.npmjs.org/isemail/-/isemail-2.2.1.tgz",
      "integrity": "sha1-A1PT2aYpUQgMJiwqoKQrjqjp4qY="
    },
    "items": {
      "version": "2.1.1",
      "resolved": "https://registry.npmjs.org/items/-/items-2.1.1.tgz",
      "integrity": "sha1-i9FtnIOxlSneWuoyGsqtp4NkoZg="
    },
    "joi": {
      "version": "9.0.4",
      "resolved": "https://registry.npmjs.org/joi/-/joi-9.0.4.tgz",
      "integrity": "sha1-iNZIkJFavrEnzXVwJxFtUN8+aN8=",
      "requires": {
        "hoek": "4.2.1",
        "isemail": "2.2.1",
        "items": "2.1.1",
        "moment": "2.21.0",
        "topo": "2.0.2"
      }
    },
    "json-stringify-safe": {
      "version": "5.0.1",
      "resolved": "https://registry.npmjs.org/json-stringify-safe/-/json-stringify-safe-5.0.1.tgz",
      "integrity": "sha1-Epai1Y/UXxmg9s4B1lcB4sc1tus="
    },
    "jsonic": {
      "version": "0.3.0",
      "resolved": "https://registry.npmjs.org/jsonic/-/jsonic-0.3.0.tgz",
      "integrity": "sha1-tUXalfVDkuWLPdoF9fLjd6bJ0b8="
    },
    "lodash": {
      "version": "4.17.4",
      "resolved": "https://registry.npmjs.org/lodash/-/lodash-4.17.4.tgz",
      "integrity": "sha1-eCA6TRwyiuHYbcpkYONptX9AVa4="
    },
    "lru-cache": {
      "version": "4.0.1",
      "resolved": "https://registry.npmjs.org/lru-cache/-/lru-cache-4.0.1.tgz",
      "integrity": "sha1-E0OVXtry432bnn7nJB4nxLn7cr4=",
      "requires": {
        "pseudomap": "1.0.2",
        "yallist": "2.1.2"
      }
    },
    "minimist": {
      "version": "1.2.0",
      "resolved": "https://registry.npmjs.org/minimist/-/minimist-1.2.0.tgz",
      "integrity": "sha1-o1AIsg9BOD7sH7kU9M1d95omQoQ="
    },
    "moment": {
      "version": "2.21.0",
      "resolved": "https://registry.npmjs.org/moment/-/moment-2.21.0.tgz",
      "integrity": "sha512-TCZ36BjURTeFTM/CwRcViQlfkMvL1/vFISuNLO5GkcVm1+QHfbSiNqZuWeMFjj1/3+uAjXswgRk30j1kkLYJBQ=="
    },
    "ndjson": {
      "version": "1.4.3",
      "resolved": "https://registry.npmjs.org/ndjson/-/ndjson-1.4.3.tgz",
      "integrity": "sha1-eqAm/jqzin2horStB7EAjnM+sjk=",
      "requires": {
        "minimist": "1.2.0",
        "split2": "0.2.1",
        "through2": "0.6.5"
      }
    },
    "nid": {
      "version": "0.3.2",
      "resolved": "https://registry.npmjs.org/nid/-/nid-0.3.2.tgz",
      "integrity": "sha1-l3qTGO1cKjjt1mJj8+r9gUPyJRo="
    },
    "norma": {
      "version": "0.3.0",
      "resolved": "https://registry.npmjs.org/norma/-/norma-0.3.0.tgz",
      "integrity": "sha1-JyZcNBEBjDLJPucZ9pLPkN7Fq2Q=",
      "requires": {
        "eraro": "0.4.1",
        "lodash": "2.4.2"
      },
      "dependencies": {
        "lodash": {
          "version": "2.4.2",
          "resolved": "https://registry.npmjs.org/lodash/-/lodash-2.4.2.tgz",
          "integrity": "sha1-+t2DS5aDBz2hebPq5tnA0VBT9z4="
        }
      }
    },
    "optioner": {
      "version": "0.8.0",
      "resolved": "https://registry.npmjs.org/optioner/-/optioner-0.8.0.tgz",
      "integrity": "sha1-5hhOs3m0NODl+Ev5fcvIDkCDwbI=",
      "requires": {
        "hoek": "4.0.1",
        "joi": "9.0.4"
      },
      "dependencies": {
        "hoek": {
          "version": "4.0.1",
          "resolved": "https://registry.npmjs.org/hoek/-/hoek-4.0.1.tgz",
          "integrity": "sha1-FAsWVI/hYm2R0k9JFMRMi/2pUuM="
        }
      }
    },
    "ordu": {
      "version": "0.1.1",
      "resolved": "https://registry.npmjs.org/ordu/-/ordu-0.1.1.tgz",
      "integrity": "sha1-nIEJSTaTyvCCmfyoTFlq64YLrqo="
    },
    "patrun": {
      "version": "0.5.1",
      "resolved": "https://registry.npmjs.org/patrun/-/patrun-0.5.1.tgz",
      "integrity": "sha1-W/83V/Tz/SvftqBNJ5QsvsPhLxw=",
      "requires": {
        "gex": "0.2.2",
        "lodash": "4.15.0"
      },
      "dependencies": {
        "lodash": {
          "version": "4.15.0",
          "resolved": "https://registry.npmjs.org/lodash/-/lodash-4.15.0.tgz",
          "integrity": "sha1-MWI5HY8BQKoiz49rPDTWt/Y9Oqk="
        }
      }
    },
    "precond": {
      "version": "0.2.3",
      "resolved": "https://registry.npmjs.org/precond/-/precond-0.2.3.tgz",
      "integrity": "sha1-qpWRvKokkj8eD0hJ0kD0fvwQdaw="
    },
    "pseudomap": {
      "version": "1.0.2",
      "resolved": "https://registry.npmjs.org/pseudomap/-/pseudomap-1.0.2.tgz",
      "integrity": "sha1-8FKijacOYYkX7wqKw0wa5aaChrM="
    },
    "qs": {
      "version": "6.4.0",
      "resolved": "https://registry.npmjs.org/qs/-/qs-6.4.0.tgz",
      "integrity": "sha1-E+JtKK1rD/qpExLNO/cI7TUecjM="
    },
    "readable-stream": {
      "version": "1.0.34",
      "resolved": "https://registry.npmjs.org/readable-stream/-/readable-stream-1.0.34.tgz",
      "integrity": "sha1-Elgg40vIQtLyqq+v5MKRbuMsFXw=",
      "requires": {
        "core-util-is": "1.0.2",
        "inherits": "2.0.3",
        "isarray": "0.0.1",
        "string_decoder": "0.10.31"
      }
    },
    "reconnect-core": {
      "version": "1.3.0",
      "resolved": "https://registry.npmjs.org/reconnect-core/-/reconnect-core-1.3.0.tgz",
      "integrity": "sha1-+65SkZp4d9hE4yRtAaLyZwHIM8g=",
      "requires": {
        "backoff": "2.5.0"
      }
    },
    "rolling-stats": {
      "version": "0.1.1",
      "resolved": "https://registry.npmjs.org/rolling-stats/-/rolling-stats-0.1.1.tgz",
      "integrity": "sha1-zVr3dKiJOzCmdIMvovSrqkeM/IA="
    },
    "semver": {
      "version": "5.3.0",
      "resolved": "https://registry.npmjs.org/semver/-/semver-5.3.0.tgz",
      "integrity": "sha1-myzl094C0XxgEq0yaqa00M9U+U8="
    },
    "seneca": {
      "version": "3.4.3",
      "resolved": "https://registry.npmjs.org/seneca/-/seneca-3.4.3.tgz",
      "integrity": "sha1-8kC84FJVQwDPu6NfEjl13KtpcEo=",
      "requires": {
        "archy": "1.0.0",
        "eraro": "0.4.1",
        "gate-executor": "1.1.1",
        "gex": "0.2.2",
        "json-stringify-safe": "5.0.1",
        "jsonic": "0.3.0",
        "lodash": "4.17.4",
        "minimist": "1.2.0",
        "nid": "0.3.2",
        "norma": "0.3.0",
        "ordu": "0.1.1",
        "patrun": "0.5.1",
        "qs": "6.4.0",
        "rolling-stats": "0.1.1",
        "semver": "5.3.0",
        "seneca-log-filter": "0.1.0",
        "seneca-transport": "2.1.1",
        "use-plugin": "0.3.2",
        "wreck": "12.2.0"
      }
    },
    "seneca-basic": {
      "version": "0.5.1",
      "resolved": "https://registry.npmjs.org/seneca-basic/-/seneca-basic-0.5.1.tgz",
      "integrity": "sha1-pQoHaZ5/ZttnOwVBumImRuGmny4=",
      "requires": {
        "async": "2.0.1",
        "lodash": "4.17.4",
        "nid": "0.3.2"
      }
    },
    "seneca-entity": {
      "version": "2.0.2",
      "resolved": "https://registry.npmjs.org/seneca-entity/-/seneca-entity-2.0.2.tgz",
      "integrity": "sha1-Ag6nwzdN0J/mXYjSDRsMj59IO5g=",
      "requires": {
        "eraro": "0.4.1",
        "jsonic": "0.3.0",
        "lodash": "4.17.4",
        "nid": "0.3.2",
        "seneca-mem-store": "1.0.0"
      },
      "dependencies": {
        "seneca-mem-store": {
          "version": "1.0.0",
          "resolved": "https://registry.npmjs.org/seneca-mem-store/-/seneca-mem-store-1.0.0.tgz",
          "integrity": "sha1-w5hevWApkzs7SuuRwz72/mvFO4k=",
          "requires": {
            "lodash": "4.15.0"
          },
          "dependencies": {
            "lodash": {
              "version": "4.15.0",
              "resolved": "https://registry.npmjs.org/lodash/-/lodash-4.15.0.tgz",
              "integrity": "sha1-MWI5HY8BQKoiz49rPDTWt/Y9Oqk="
            }
          }
        }
      }
    },
    "seneca-log-filter": {
      "version": "0.1.0",
      "resolved": "https://registry.npmjs.org/seneca-log-filter/-/seneca-log-filter-0.1.0.tgz",
      "integrity": "sha1-9RPed9/cwSACP4R6fGDO7Qr8ZrM=",
      "requires": {
        "lodash": "4.15.0"
      },
      "dependencies": {
        "lodash": {
          "version": "4.15.0",
          "resolved": "https://registry.npmjs.org/lodash/-/lodash-4.15.0.tgz",
          "integrity": "sha1-MWI5HY8BQKoiz49rPDTWt/Y9Oqk="
        }
      }
    },
    "seneca-mem-store": {
      "version": "1.0.1",
      "resolved": "https://registry.npmjs.org/seneca-mem-store/-/seneca-mem-store-1.0.1.tgz",
      "integrity": "sha1-wBARy452JZW0Esq186SLPglWQZ4=",
      "requires": {
        "lodash": "4.17.4"
      }
    },
    "seneca-repl": {
      "version": "1.1.2",
      "resolved": "https://registry.npmjs.org/seneca-repl/-/seneca-repl-1.1.2.tgz",
      "integrity": "sha512-3MYvd0c9tAl4Pj0gIZonSLO4qDA+RTNjS0nPlWqYSB8IJ6sfShtMvOOJhKxVE/Vm/2XJuhTOTVKwgef3U8INGQ==",
      "requires": {
        "jsonic": "0.2.2",
        "lodash": "4.15.0",
        "optioner": "0.8.0"
      },
      "dependencies": {
        "jsonic": {
          "version": "0.2.2",
          "resolved": "https://registry.npmjs.org/jsonic/-/jsonic-0.2.2.tgz",
          "integrity": "sha1-Enu5nfTYIWUsSKI9AlzysW5hhJE="
        },
        "lodash": {
          "version": "4.15.0",
          "resolved": "https://registry.npmjs.org/lodash/-/lodash-4.15.0.tgz",
          "integrity": "sha1-MWI5HY8BQKoiz49rPDTWt/Y9Oqk="
        }
      }
    },
    "seneca-transport": {
      "version": "2.1.1",
      "resolved": "https://registry.npmjs.org/seneca-transport/-/seneca-transport-2.1.1.tgz",
      "integrity": "sha1-/40aAzW/4DfKfO3fJ4KL3VUpKiI=",
      "requires": {
        "eraro": "0.4.1",
        "gex": "0.2.2",
        "jsonic": "0.2.2",
        "lodash": "4.15.0",
        "lru-cache": "4.0.1",
        "ndjson": "1.4.3",
        "nid": "0.3.2",
        "patrun": "0.5.0",
        "qs": "6.2.1",
        "reconnect-core": "1.3.0",
        "wreck": "9.0.0"
      },
      "dependencies": {
        "jsonic": {
          "version": "0.2.2",
          "resolved": "https://registry.npmjs.org/jsonic/-/jsonic-0.2.2.tgz",
          "integrity": "sha1-Enu5nfTYIWUsSKI9AlzysW5hhJE="
        },
        "lodash": {
          "version": "4.15.0",
          "resolved": "https://registry.npmjs.org/lodash/-/lodash-4.15.0.tgz",
          "integrity": "sha1-MWI5HY8BQKoiz49rPDTWt/Y9Oqk="
        },
        "patrun": {
          "version": "0.5.0",
          "resolved": "https://registry.npmjs.org/patrun/-/patrun-0.5.0.tgz",
          "integrity": "sha1-d6UfdzrEkxuzU/1B1Z3mR4/GEY0=",
          "requires": {
            "gex": "0.2.2",
            "lodash": "3.10.0"
          },
          "dependencies": {
            "lodash": {
              "version": "3.10.0",
              "resolved": "https://registry.npmjs.org/lodash/-/lodash-3.10.0.tgz",
              "integrity": "sha1-k9UcZygopEFqEq9XIguoqHN+L7s="
            }
          }
        },
        "qs": {
          "version": "6.2.1",
          "resolved": "https://registry.npmjs.org/qs/-/qs-6.2.1.tgz",
          "integrity": "sha1-zgPF/wk1vB2daanxTL0Y5WjWdiU="
        },
        "wreck": {
          "version": "9.0.0",
          "resolved": "https://registry.npmjs.org/wreck/-/wreck-9.0.0.tgz",
          "integrity": "sha1-HeY9SbsHuU/nGIZLi+YxduYzMew=",
          "requires": {
            "boom": "3.2.2",
            "hoek": "4.2.1"
          }
        }
      }
    },
    "split2": {
      "version": "0.2.1",
      "resolved": "https://registry.npmjs.org/split2/-/split2-0.2.1.tgz",
      "integrity": "sha1-At2smtwD7Au3jBKC7Aecpuha6QA=",
      "requires": {
        "through2": "0.6.5"
      }
    },
    "string_decoder": {
      "version": "0.10.31",
      "resolved": "https://registry.npmjs.org/string_decoder/-/string_decoder-0.10.31.tgz",
      "integrity": "sha1-YuIDvEF2bGwoyfyEMB2rHFMQ+pQ="
    },
    "through2": {
      "version": "0.6.5",
      "resolved": "https://registry.npmjs.org/through2/-/through2-0.6.5.tgz",
      "integrity": "sha1-QaucZ7KdVyCQcUEOHXp6lozTrUg=",
      "requires": {
        "readable-stream": "1.0.34",
        "xtend": "4.0.1"
      }
    },
    "topo": {
      "version": "2.0.2",
      "resolved": "https://registry.npmjs.org/topo/-/topo-2.0.2.tgz",
      "integrity": "sha1-zVYVdSU5BXwNwEkaYhw7xvvh0YI=",
      "requires": {
        "hoek": "4.2.1"
      }
    },
    "use-plugin": {
      "version": "0.3.2",
      "resolved": "https://registry.npmjs.org/use-plugin/-/use-plugin-0.3.2.tgz",
      "integrity": "sha1-Afi4cvJMzepP15WPBX9NVb8f3/Q=",
      "requires": {
        "eraro": "0.4.1",
        "lodash": "4.15.0",
        "nid": "0.3.2",
        "norma": "0.3.0"
      },
      "dependencies": {
        "lodash": {
          "version": "4.15.0",
          "resolved": "https://registry.npmjs.org/lodash/-/lodash-4.15.0.tgz",
          "integrity": "sha1-MWI5HY8BQKoiz49rPDTWt/Y9Oqk="
        }
      }
    },
    "wreck": {
      "version": "12.2.0",
      "resolved": "https://registry.npmjs.org/wreck/-/wreck-12.2.0.tgz",
      "integrity": "sha1-ocM3HiFSv202AP9YG2acaKTT2Lg=",
      "requires": {
        "boom": "4.3.1",
        "hoek": "4.2.1"
      },
      "dependencies": {
        "boom": {
          "version": "4.3.1",
          "resolved": "https://registry.npmjs.org/boom/-/boom-4.3.1.tgz",
          "integrity": "sha1-T4owBctKfjiJ90kDD9JbluAdLjE=",
          "requires": {
            "hoek": "4.2.1"
          }
        }
      }
    },
    "xtend": {
      "version": "4.0.1",
      "resolved": "https://registry.npmjs.org/xtend/-/xtend-4.0.1.tgz",
      "integrity": "sha1-pcbVMr5lbiPbgg77lDofBJmNY68="
    },
    "yallist": {
      "version": "2.1.2",
      "resolved": "https://registry.npmjs.org/yallist/-/yallist-2.1.2.tgz",
      "integrity": "sha1-HBH5IY8HYImkfdUS+TxmmaaoHVI="
    }
  }
}
